# This file is @generated by PDM.
# It is not intended for manual editing.

[metadata]
groups = ["default"]
strategy = ["cross_platform", "inherit_metadata"]
lock_version = "4.4.1"
content_hash = "sha256:1e42d20e97b34265068c6a9ec80ce2f9ab5ba41446ec45dabe3eb5a1fa274e45"

[[package]]
name = "pyglet"
version = "2.0.10"
summary = "Cross-platform windowing and multimedia library"
groups = ["default"]
files = [
    {file = "pyglet-2.0.10-py3-none-any.whl", hash = "sha256:e10a1f1a6a2dcfbf23155913746ff6fbf8ea18c5ee813b6d0e79d273bb2b3c18"},
    {file = "pyglet-2.0.10.zip", hash = "sha256:242beb1b3bd67c5bebdfe5ba11ec56b696ad86b50c6e7f2a317f8d783256b9c9"},
]
